
Microsoft Visual Studio Solution File, Format Version 12.00
# Visual Studio Version 16
VisualStudioVersion = 16.0.29006.145
MinimumVisualStudioVersion = 10.0.40219.1
Project("{9A19103F-16F7-4668-BE54-9A1E7A4F7556}") = "Kerberos.NET", "Kerberos.NET\Kerberos.NET.csproj", "{3066D890-0544-4E13-95FD-1DDCC72FEDA1}"
EndProject
Project("{9A19103F-16F7-4668-BE54-9A1E7A4F7556}") = "Tests.Kerberos.NET", "Tests\Tests.Kerberos.NET\Tests.Kerberos.NET.csproj", "{0E4F4471-C2E4-4870-A541-11D14A76AC84}"
EndProject
Global
	GlobalSection(SolutionConfigurationPlatforms) = preSolution
		Debug|Any CPU = Debug|Any CPU
		Release|Any CPU = Release|Any CPU
	EndGlobalSection
	GlobalSection(ProjectConfigurationPlatforms) = postSolution
		{3066D890-0544-4E13-95FD-1DDCC72FEDA1}.Debug|Any CPU.ActiveCfg = Debug|Any CPU
		{3066D890-0544-4E13-95FD-1DDCC72FEDA1}.Debug|Any CPU.Build.0 = Debug|Any CPU
		{3066D890-0544-4E13-95FD-1DDCC72FEDA1}.Release|Any CPU.ActiveCfg = Release|Any CPU
		{3066D890-0544-4E13-95FD-1DDCC72FEDA1}.Release|Any CPU.Build.0 = Release|Any CPU
		{0E4F4471-C2E4-4870-A541-11D14A76AC84}.Debug|Any CPU.ActiveCfg = Debug|Any CPU
		{0E4F4471-C2E4-4870-A541-11D14A76AC84}.Debug|Any CPU.Build.0 = Debug|Any CPU
		{0E4F4471-C2E4-4870-A541-11D14A76AC84}.Release|Any CPU.ActiveCfg = Release|Any CPU
		{0E4F4471-C2E4-4870-A541-11D14A76AC84}.Release|Any CPU.Build.0 = Release|Any CPU
	EndGlobalSection
	GlobalSection(SolutionProperties) = preSolution
		HideSolutionNode = FALSE
	EndGlobalSection
	GlobalSection(ExtensibilityGlobals) = postSolution
		SolutionGuid = {17150968-CFF9-4183-989D-C93E19033096}
	EndGlobalSection
EndGlobal
