
Microsoft Visual Studio Solution File, Format Version 12.00
# Visual Studio Version 16
VisualStudioVersion = 16.0.29006.145
MinimumVisualStudioVersion = 10.0.40219.1
Project("{9A19103F-16F7-4668-BE54-9A1E7A4F7556}") = "Kerberos.NET", "Kerberos.NET\Kerberos.NET.csproj", "{3066D890-0544-4E13-95FD-1DDCC72FEDA1}"
EndProject
Project("{9A19103F-16F7-4668-BE54-9A1E7A4F7556}") = "Tests.Kerberos.NET", "Tests\Tests.Kerberos.NET\Tests.Kerberos.NET.csproj", "{0E4F4471-C2E4-4870-A541-11D14A76AC84}"
EndProject
Project("{9A19103F-16F7-4668-BE54-9A1E7A4F7556}") = "KerbDumpCore", "KerbDumpCore\KerbDumpCore.csproj", "{046122A3-9C6F-42E8-A21E-E4F2CD4DBCF8}"
EndProject
Project("{2150E333-8FDC-42A3-9474-1A3956D46DE8}") = "Core", "Core", "{E3EE549C-8245-45E7-A964-E38C78DC9FD3}"
EndProject
Project("{2150E333-8FDC-42A3-9474-1A3956D46DE8}") = "Tests", "Tests", "{8F0C1D56-CBBB-4B8B-81D1-5D1544AD5C72}"
EndProject
Project("{9A19103F-16F7-4668-BE54-9A1E7A4F7556}") = "KerberosClientApp", "KerberosClientApp\KerberosClientApp.csproj", "{5C180587-DA01-4B03-9726-EEB28D70D480}"
EndProject
Project("{9A19103F-16F7-4668-BE54-9A1E7A4F7556}") = "KerberosKdcHostApp", "KerberosKdcHostApp\KerberosKdcHostApp.csproj", "{6963D3CB-B2F1-452B-9339-18851A1C98C0}"
EndProject
Project("{9A19103F-16F7-4668-BE54-9A1E7A4F7556}") = "Benchmark.Kerberos.NET", "Benchmark.Kerberos.NET\Benchmark.Kerberos.NET.csproj", "{5115DFE1-AD08-4AF5-B88C-F436744D7A3A}"
EndProject
Project("{2150E333-8FDC-42A3-9474-1A3956D46DE8}") = "Solution Items", "Solution Items", "{12F5B8BF-B0E3-4453-B843-DCEE26F2D4E8}"
	ProjectSection(SolutionItems) = preProject
		.editorconfig = .editorconfig
		build.yaml = build.yaml
		Directory.build.props = Directory.build.props
		version.json = version.json
	EndProjectSection
EndProject
Global
	GlobalSection(SolutionConfigurationPlatforms) = preSolution
		Debug|Any CPU = Debug|Any CPU
		Release|Any CPU = Release|Any CPU
	EndGlobalSection
	GlobalSection(ProjectConfigurationPlatforms) = postSolution
		{3066D890-0544-4E13-95FD-1DDCC72FEDA1}.Debug|Any CPU.ActiveCfg = Debug|Any CPU
		{3066D890-0544-4E13-95FD-1DDCC72FEDA1}.Debug|Any CPU.Build.0 = Debug|Any CPU
		{3066D890-0544-4E13-95FD-1DDCC72FEDA1}.Release|Any CPU.ActiveCfg = Release|Any CPU
		{3066D890-0544-4E13-95FD-1DDCC72FEDA1}.Release|Any CPU.Build.0 = Release|Any CPU
		{0E4F4471-C2E4-4870-A541-11D14A76AC84}.Debug|Any CPU.ActiveCfg = Debug|Any CPU
		{0E4F4471-C2E4-4870-A541-11D14A76AC84}.Debug|Any CPU.Build.0 = Debug|Any CPU
		{0E4F4471-C2E4-4870-A541-11D14A76AC84}.Release|Any CPU.ActiveCfg = Release|Any CPU
		{0E4F4471-C2E4-4870-A541-11D14A76AC84}.Release|Any CPU.Build.0 = Release|Any CPU
		{046122A3-9C6F-42E8-A21E-E4F2CD4DBCF8}.Debug|Any CPU.ActiveCfg = Debug|Any CPU
		{046122A3-9C6F-42E8-A21E-E4F2CD4DBCF8}.Debug|Any CPU.Build.0 = Debug|Any CPU
		{046122A3-9C6F-42E8-A21E-E4F2CD4DBCF8}.Release|Any CPU.ActiveCfg = Release|Any CPU
		{046122A3-9C6F-42E8-A21E-E4F2CD4DBCF8}.Release|Any CPU.Build.0 = Release|Any CPU
		{5C180587-DA01-4B03-9726-EEB28D70D480}.Debug|Any CPU.ActiveCfg = Debug|Any CPU
		{5C180587-DA01-4B03-9726-EEB28D70D480}.Debug|Any CPU.Build.0 = Debug|Any CPU
		{5C180587-DA01-4B03-9726-EEB28D70D480}.Release|Any CPU.ActiveCfg = Release|Any CPU
		{5C180587-DA01-4B03-9726-EEB28D70D480}.Release|Any CPU.Build.0 = Release|Any CPU
		{6963D3CB-B2F1-452B-9339-18851A1C98C0}.Debug|Any CPU.ActiveCfg = Debug|Any CPU
		{6963D3CB-B2F1-452B-9339-18851A1C98C0}.Debug|Any CPU.Build.0 = Debug|Any CPU
		{6963D3CB-B2F1-452B-9339-18851A1C98C0}.Release|Any CPU.ActiveCfg = Release|Any CPU
		{6963D3CB-B2F1-452B-9339-18851A1C98C0}.Release|Any CPU.Build.0 = Release|Any CPU
		{5115DFE1-AD08-4AF5-B88C-F436744D7A3A}.Debug|Any CPU.ActiveCfg = Debug|Any CPU
		{5115DFE1-AD08-4AF5-B88C-F436744D7A3A}.Debug|Any CPU.Build.0 = Debug|Any CPU
		{5115DFE1-AD08-4AF5-B88C-F436744D7A3A}.Release|Any CPU.ActiveCfg = Release|Any CPU
		{5115DFE1-AD08-4AF5-B88C-F436744D7A3A}.Release|Any CPU.Build.0 = Release|Any CPU
	EndGlobalSection
	GlobalSection(SolutionProperties) = preSolution
		HideSolutionNode = FALSE
	EndGlobalSection
	GlobalSection(NestedProjects) = preSolution
		{3066D890-0544-4E13-95FD-1DDCC72FEDA1} = {E3EE549C-8245-45E7-A964-E38C78DC9FD3}
		{0E4F4471-C2E4-4870-A541-11D14A76AC84} = {8F0C1D56-CBBB-4B8B-81D1-5D1544AD5C72}
		{046122A3-9C6F-42E8-A21E-E4F2CD4DBCF8} = {E3EE549C-8245-45E7-A964-E38C78DC9FD3}
		{5C180587-DA01-4B03-9726-EEB28D70D480} = {8F0C1D56-CBBB-4B8B-81D1-5D1544AD5C72}
		{6963D3CB-B2F1-452B-9339-18851A1C98C0} = {8F0C1D56-CBBB-4B8B-81D1-5D1544AD5C72}
		{5115DFE1-AD08-4AF5-B88C-F436744D7A3A} = {8F0C1D56-CBBB-4B8B-81D1-5D1544AD5C72}
	EndGlobalSection
	GlobalSection(ExtensibilityGlobals) = postSolution
		SolutionGuid = {17150968-CFF9-4183-989D-C93E19033096}
	EndGlobalSection
EndGlobal
