
Microsoft Visual Studio Solution File, Format Version 12.00
# Visual Studio Version 17
VisualStudioVersion = 17.11.35327.3
MinimumVisualStudioVersion = 10.0.40219.1
Project("{9A19103F-16F7-4668-BE54-9A1E7A4F7556}") = "Kerberos.NET", "Kerberos.NET\Kerberos.NET.csproj", "{3066D890-0544-4E13-95FD-1DDCC72FEDA1}"
EndProject
Project("{9A19103F-16F7-4668-BE54-9A1E7A4F7556}") = "Tests.Kerberos.NET", "Tests\Tests.Kerberos.NET\Tests.Kerberos.NET.csproj", "{0E4F4471-C2E4-4870-A541-11D14A76AC84}"
EndProject
Project("{9A19103F-16F7-4668-BE54-9A1E7A4F7556}") = "KerbDumpCore", "Samples\KerbDumpCore\KerbDumpCore.csproj", "{046122A3-9C6F-42E8-A21E-E4F2CD4DBCF8}"
EndProject
Project("{2150E333-8FDC-42A3-9474-1A3956D46DE8}") = "Core", "Core", "{E3EE549C-8245-45E7-A964-E38C78DC9FD3}"
EndProject
Project("{2150E333-8FDC-42A3-9474-1A3956D46DE8}") = "Tests", "Tests", "{8F0C1D56-CBBB-4B8B-81D1-5D1544AD5C72}"
EndProject
Project("{9A19103F-16F7-4668-BE54-9A1E7A4F7556}") = "Benchmark.Kerberos.NET", "Tests\Benchmark.Kerberos.NET\Benchmark.Kerberos.NET.csproj", "{5115DFE1-AD08-4AF5-B88C-F436744D7A3A}"
EndProject
Project("{2150E333-8FDC-42A3-9474-1A3956D46DE8}") = "Build", "Build", "{12F5B8BF-B0E3-4453-B843-DCEE26F2D4E8}"
	ProjectSection(SolutionItems) = preProject
		.editorconfig = .editorconfig
		build.yaml = build.yaml
		CodeAnalysisRules.ruleset = CodeAnalysisRules.ruleset
		Directory.build.props = Directory.build.props
		StyleCop.json = StyleCop.json
		version.json = version.json
	EndProjectSection
EndProject
Project("{2150E333-8FDC-42A3-9474-1A3956D46DE8}") = "Client Tools", "Client Tools", "{8BD43321-3C92-4D6F-B965-783F2CC4CEE1}"
EndProject
Project("{9A19103F-16F7-4668-BE54-9A1E7A4F7556}") = "Bruce", "Bruce\Bruce.csproj", "{D12B0644-0D57-45ED-AA0A-AB18D593CCA3}"
EndProject
Project("{9A19103F-16F7-4668-BE54-9A1E7A4F7556}") = "Kerberos.NET.PortableDns", "Kerberos.NET.PortableDns\Kerberos.NET.PortableDns.csproj", "{3085F7D7-B384-4EB6-B5F4-CAEDC7C1C0E6}"
EndProject
Global
	GlobalSection(SolutionConfigurationPlatforms) = preSolution
		Debug|Any CPU = Debug|Any CPU
		Release|Any CPU = Release|Any CPU
	EndGlobalSection
	GlobalSection(ProjectConfigurationPlatforms) = postSolution
		{3066D890-0544-4E13-95FD-1DDCC72FEDA1}.Debug|Any CPU.ActiveCfg = Debug|Any CPU
		{3066D890-0544-4E13-95FD-1DDCC72FEDA1}.Debug|Any CPU.Build.0 = Debug|Any CPU
		{3066D890-0544-4E13-95FD-1DDCC72FEDA1}.Release|Any CPU.ActiveCfg = Release|Any CPU
		{3066D890-0544-4E13-95FD-1DDCC72FEDA1}.Release|Any CPU.Build.0 = Release|Any CPU
		{0E4F4471-C2E4-4870-A541-11D14A76AC84}.Debug|Any CPU.ActiveCfg = Debug|Any CPU
		{0E4F4471-C2E4-4870-A541-11D14A76AC84}.Debug|Any CPU.Build.0 = Debug|Any CPU
		{0E4F4471-C2E4-4870-A541-11D14A76AC84}.Release|Any CPU.ActiveCfg = Release|Any CPU
		{0E4F4471-C2E4-4870-A541-11D14A76AC84}.Release|Any CPU.Build.0 = Release|Any CPU
		{046122A3-9C6F-42E8-A21E-E4F2CD4DBCF8}.Debug|Any CPU.ActiveCfg = Debug|Any CPU
		{046122A3-9C6F-42E8-A21E-E4F2CD4DBCF8}.Debug|Any CPU.Build.0 = Debug|Any CPU
		{046122A3-9C6F-42E8-A21E-E4F2CD4DBCF8}.Release|Any CPU.ActiveCfg = Release|Any CPU
		{046122A3-9C6F-42E8-A21E-E4F2CD4DBCF8}.Release|Any CPU.Build.0 = Release|Any CPU
		{5115DFE1-AD08-4AF5-B88C-F436744D7A3A}.Debug|Any CPU.ActiveCfg = Debug|Any CPU
		{5115DFE1-AD08-4AF5-B88C-F436744D7A3A}.Debug|Any CPU.Build.0 = Debug|Any CPU
		{5115DFE1-AD08-4AF5-B88C-F436744D7A3A}.Release|Any CPU.ActiveCfg = Release|Any CPU
		{5115DFE1-AD08-4AF5-B88C-F436744D7A3A}.Release|Any CPU.Build.0 = Release|Any CPU
		{D12B0644-0D57-45ED-AA0A-AB18D593CCA3}.Debug|Any CPU.ActiveCfg = Debug|Any CPU
		{D12B0644-0D57-45ED-AA0A-AB18D593CCA3}.Debug|Any CPU.Build.0 = Debug|Any CPU
		{D12B0644-0D57-45ED-AA0A-AB18D593CCA3}.Release|Any CPU.ActiveCfg = Release|Any CPU
		{D12B0644-0D57-45ED-AA0A-AB18D593CCA3}.Release|Any CPU.Build.0 = Release|Any CPU
		{3085F7D7-B384-4EB6-B5F4-CAEDC7C1C0E6}.Debug|Any CPU.ActiveCfg = Debug|Any CPU
		{3085F7D7-B384-4EB6-B5F4-CAEDC7C1C0E6}.Debug|Any CPU.Build.0 = Debug|Any CPU
		{3085F7D7-B384-4EB6-B5F4-CAEDC7C1C0E6}.Release|Any CPU.ActiveCfg = Release|Any CPU
		{3085F7D7-B384-4EB6-B5F4-CAEDC7C1C0E6}.Release|Any CPU.Build.0 = Release|Any CPU
	EndGlobalSection
	GlobalSection(SolutionProperties) = preSolution
		HideSolutionNode = FALSE
	EndGlobalSection
	GlobalSection(NestedProjects) = preSolution
		{3066D890-0544-4E13-95FD-1DDCC72FEDA1} = {E3EE549C-8245-45E7-A964-E38C78DC9FD3}
		{0E4F4471-C2E4-4870-A541-11D14A76AC84} = {8F0C1D56-CBBB-4B8B-81D1-5D1544AD5C72}
		{046122A3-9C6F-42E8-A21E-E4F2CD4DBCF8} = {8BD43321-3C92-4D6F-B965-783F2CC4CEE1}
		{5115DFE1-AD08-4AF5-B88C-F436744D7A3A} = {8F0C1D56-CBBB-4B8B-81D1-5D1544AD5C72}
		{D12B0644-0D57-45ED-AA0A-AB18D593CCA3} = {8BD43321-3C92-4D6F-B965-783F2CC4CEE1}
		{3085F7D7-B384-4EB6-B5F4-CAEDC7C1C0E6} = {E3EE549C-8245-45E7-A964-E38C78DC9FD3}
	EndGlobalSection
	GlobalSection(ExtensibilityGlobals) = postSolution
		SolutionGuid = {17150968-CFF9-4183-989D-C93E19033096}
	EndGlobalSection
EndGlobal
