
Microsoft Visual Studio Solution File, Format Version 12.00
# Visual Studio 14
VisualStudioVersion = 14.0.25420.1
MinimumVisualStudioVersion = 10.0.40219.1
Project("{FAE04EC0-301F-11D3-BF4B-00C04F79EFBC}") = "Syfuhs.Security.Kerberos", "Syfuhs.Security.Kerberos\Syfuhs.Security.Kerberos.csproj", "{D9CFB745-D5C9-4711-8E3F-781991230FC1}"
EndProject
Project("{2150E333-8FDC-42A3-9474-1A3956D46DE8}") = "Samples", "Samples", "{1DDDDD38-ED6B-407F-B811-5EB571EB016E}"
EndProject
Project("{2150E333-8FDC-42A3-9474-1A3956D46DE8}") = "Core", "Core", "{3D5572F2-BD08-408B-B670-A7AC2F5784CC}"
EndProject
Project("{2150E333-8FDC-42A3-9474-1A3956D46DE8}") = "Assembly.Shared", "Assembly.Shared", "{0583A847-58AB-4667-98A0-A74C7A29DC4A}"
	ProjectSection(SolutionItems) = preProject
		SharedAssemblyInfo.cs = SharedAssemblyInfo.cs
	EndProjectSection
EndProject
Project("{FAE04EC0-301F-11D3-BF4B-00C04F79EFBC}") = "Syfuhs.Security.Kerberos.Aes", "Syfuhs.Security.Kerberos.Aes\Syfuhs.Security.Kerberos.Aes.csproj", "{218511D9-4C8C-4805-B16F-BAE0AEB25B23}"
EndProject
Project("{FAE04EC0-301F-11D3-BF4B-00C04F79EFBC}") = "KerbCrypto", "Samples\KerbCrypto\KerbCrypto.csproj", "{4EC4E499-0A09-4311-8C34-C5DF29B7D6CB}"
EndProject
Project("{FAE04EC0-301F-11D3-BF4B-00C04F79EFBC}") = "KerberosMiddlewareEndToEndSample", "Samples\KerberosMiddlewareEndToEndSample\KerberosMiddlewareEndToEndSample.csproj", "{7D82FBAB-2A77-46D9-BB2D-5E5723C63B27}"
EndProject
Project("{FAE04EC0-301F-11D3-BF4B-00C04F79EFBC}") = "KerberosMiddlewareSample", "Samples\KerberosMiddlewareSample\KerberosMiddlewareSample.csproj", "{DFDE9D6E-4BD4-443F-9C56-1CCB628DCF1D}"
EndProject
Project("{FAE04EC0-301F-11D3-BF4B-00C04F79EFBC}") = "KerberosWebSample", "Samples\KerberosWebSample\KerberosWebSample.csproj", "{69B134F6-7CAD-4FF5-94E1-EBF7F21FDCAC}"
EndProject
Project("{FAE04EC0-301F-11D3-BF4B-00C04F79EFBC}") = "KerbTester", "Samples\KerbTester\KerbTester.csproj", "{7715F4FC-FAD8-4E50-92AB-EF98CF55DFAA}"
EndProject
Global
	GlobalSection(SolutionConfigurationPlatforms) = preSolution
		Debug|Any CPU = Debug|Any CPU
		Release|Any CPU = Release|Any CPU
	EndGlobalSection
	GlobalSection(ProjectConfigurationPlatforms) = postSolution
		{D9CFB745-D5C9-4711-8E3F-781991230FC1}.Debug|Any CPU.ActiveCfg = Debug|Any CPU
		{D9CFB745-D5C9-4711-8E3F-781991230FC1}.Debug|Any CPU.Build.0 = Debug|Any CPU
		{D9CFB745-D5C9-4711-8E3F-781991230FC1}.Release|Any CPU.ActiveCfg = Release|Any CPU
		{D9CFB745-D5C9-4711-8E3F-781991230FC1}.Release|Any CPU.Build.0 = Release|Any CPU
		{218511D9-4C8C-4805-B16F-BAE0AEB25B23}.Debug|Any CPU.ActiveCfg = Debug|Any CPU
		{218511D9-4C8C-4805-B16F-BAE0AEB25B23}.Debug|Any CPU.Build.0 = Debug|Any CPU
		{218511D9-4C8C-4805-B16F-BAE0AEB25B23}.Release|Any CPU.ActiveCfg = Release|Any CPU
		{218511D9-4C8C-4805-B16F-BAE0AEB25B23}.Release|Any CPU.Build.0 = Release|Any CPU
		{4EC4E499-0A09-4311-8C34-C5DF29B7D6CB}.Debug|Any CPU.ActiveCfg = Debug|Any CPU
		{4EC4E499-0A09-4311-8C34-C5DF29B7D6CB}.Debug|Any CPU.Build.0 = Debug|Any CPU
		{4EC4E499-0A09-4311-8C34-C5DF29B7D6CB}.Release|Any CPU.ActiveCfg = Release|Any CPU
		{4EC4E499-0A09-4311-8C34-C5DF29B7D6CB}.Release|Any CPU.Build.0 = Release|Any CPU
		{7D82FBAB-2A77-46D9-BB2D-5E5723C63B27}.Debug|Any CPU.ActiveCfg = Debug|Any CPU
		{7D82FBAB-2A77-46D9-BB2D-5E5723C63B27}.Debug|Any CPU.Build.0 = Debug|Any CPU
		{7D82FBAB-2A77-46D9-BB2D-5E5723C63B27}.Release|Any CPU.ActiveCfg = Release|Any CPU
		{7D82FBAB-2A77-46D9-BB2D-5E5723C63B27}.Release|Any CPU.Build.0 = Release|Any CPU
		{DFDE9D6E-4BD4-443F-9C56-1CCB628DCF1D}.Debug|Any CPU.ActiveCfg = Debug|Any CPU
		{DFDE9D6E-4BD4-443F-9C56-1CCB628DCF1D}.Debug|Any CPU.Build.0 = Debug|Any CPU
		{DFDE9D6E-4BD4-443F-9C56-1CCB628DCF1D}.Release|Any CPU.ActiveCfg = Release|Any CPU
		{DFDE9D6E-4BD4-443F-9C56-1CCB628DCF1D}.Release|Any CPU.Build.0 = Release|Any CPU
		{69B134F6-7CAD-4FF5-94E1-EBF7F21FDCAC}.Debug|Any CPU.ActiveCfg = Debug|Any CPU
		{69B134F6-7CAD-4FF5-94E1-EBF7F21FDCAC}.Debug|Any CPU.Build.0 = Debug|Any CPU
		{69B134F6-7CAD-4FF5-94E1-EBF7F21FDCAC}.Release|Any CPU.ActiveCfg = Release|Any CPU
		{69B134F6-7CAD-4FF5-94E1-EBF7F21FDCAC}.Release|Any CPU.Build.0 = Release|Any CPU
		{7715F4FC-FAD8-4E50-92AB-EF98CF55DFAA}.Debug|Any CPU.ActiveCfg = Debug|Any CPU
		{7715F4FC-FAD8-4E50-92AB-EF98CF55DFAA}.Debug|Any CPU.Build.0 = Debug|Any CPU
		{7715F4FC-FAD8-4E50-92AB-EF98CF55DFAA}.Release|Any CPU.ActiveCfg = Release|Any CPU
		{7715F4FC-FAD8-4E50-92AB-EF98CF55DFAA}.Release|Any CPU.Build.0 = Release|Any CPU
	EndGlobalSection
	GlobalSection(SolutionProperties) = preSolution
		HideSolutionNode = FALSE
	EndGlobalSection
	GlobalSection(NestedProjects) = preSolution
		{D9CFB745-D5C9-4711-8E3F-781991230FC1} = {3D5572F2-BD08-408B-B670-A7AC2F5784CC}
		{218511D9-4C8C-4805-B16F-BAE0AEB25B23} = {3D5572F2-BD08-408B-B670-A7AC2F5784CC}
		{4EC4E499-0A09-4311-8C34-C5DF29B7D6CB} = {1DDDDD38-ED6B-407F-B811-5EB571EB016E}
		{7D82FBAB-2A77-46D9-BB2D-5E5723C63B27} = {1DDDDD38-ED6B-407F-B811-5EB571EB016E}
		{DFDE9D6E-4BD4-443F-9C56-1CCB628DCF1D} = {1DDDDD38-ED6B-407F-B811-5EB571EB016E}
		{69B134F6-7CAD-4FF5-94E1-EBF7F21FDCAC} = {1DDDDD38-ED6B-407F-B811-5EB571EB016E}
		{7715F4FC-FAD8-4E50-92AB-EF98CF55DFAA} = {1DDDDD38-ED6B-407F-B811-5EB571EB016E}
	EndGlobalSection
EndGlobal
